// !$*UTF8*$!
{
	archiveVersion = 1;
	classes = {
	};
	objectVersion = 50;
	objects = {

/* Begin PBXBuildFile section */
		54947CEA2369E52300986ACA /* JBCalendarDatePicker.h in Headers */ = {isa = PBXBuildFile; fileRef = 54947CE82369E52300986ACA /* JBCalendarDatePicker.h */; settings = {ATTRIBUTES = (Public, ); }; };
		54947CFB2369E5D200986ACA /* JBCalendarViewController.swift in Sources */ = {isa = PBXBuildFile; fileRef = 54947CF52369E5D100986ACA /* JBCalendarViewController.swift */; };
		54947CFC2369E5D200986ACA /* DateInputView.swift in Sources */ = {isa = PBXBuildFile; fileRef = 54947CF12369E5D100986ACA /* DateInputView.swift */; };
		54947CFD2369E5D200986ACA /* JBCalendarDateCell.swift in Sources */ = {isa = PBXBuildFile; fileRef = 54947CF42369E5D100986ACA /* JBCalendarDateCell.swift */; };
		54947CFE2369E5D200986ACA /* JBDatePickerViewController.swift in Sources */ = {isa = PBXBuildFile; fileRef = 54947CF92369E5D200986ACA /* JBDatePickerViewController.swift */; };
		54947CFF2369E5D200986ACA /* JBDatePicker.swift in Sources */ = {isa = PBXBuildFile; fileRef = 54947CF82369E5D200986ACA /* JBDatePicker.swift */; };
		54947D002369E5D200986ACA /* Day.swift in Sources */ = {isa = PBXBuildFile; fileRef = 54947CF32369E5D100986ACA /* Day.swift */; };
		54947D012369E5D200986ACA /* UIColor+SystemAccent.swift in Sources */ = {isa = PBXBuildFile; fileRef = 54947CF02369E5D100986ACA /* UIColor+SystemAccent.swift */; };
		54947D262369F42300986ACA /* JBCalendarDateCell.xib in Resources */ = {isa = PBXBuildFile; fileRef = 54947D232369F42300986ACA /* JBCalendarDateCell.xib */; };
		54947D272369F42300986ACA /* JBCalendarViewController.xib in Resources */ = {isa = PBXBuildFile; fileRef = 54947D242369F42300986ACA /* JBCalendarViewController.xib */; };
		54947D282369F42300986ACA /* JBDatePickerViewController.xib in Resources */ = {isa = PBXBuildFile; fileRef = 54947D252369F42300986ACA /* JBDatePickerViewController.xib */; };
/* End PBXBuildFile section */

/* Begin PBXFileReference section */
		54947CE52369E52300986ACA /* JBCalendarDatePicker.framework */ = {isa = PBXFileReference; explicitFileType = wrapper.framework; includeInIndex = 0; path = JBCalendarDatePicker.framework; sourceTree = BUILT_PRODUCTS_DIR; };
		54947CE82369E52300986ACA /* JBCalendarDatePicker.h */ = {isa = PBXFileReference; lastKnownFileType = sourcecode.c.h; path = JBCalendarDatePicker.h; sourceTree = "<group>"; };
		54947CE92369E52300986ACA /* Info.plist */ = {isa = PBXFileReference; lastKnownFileType = text.plist.xml; path = Info.plist; sourceTree = "<group>"; };
		54947CF02369E5D100986ACA /* UIColor+SystemAccent.swift */ = {isa = PBXFileReference; lastKnownFileType = sourcecode.swift; path = "UIColor+SystemAccent.swift"; sourceTree = "<group>"; };
		54947CF12369E5D100986ACA /* DateInputView.swift */ = {isa = PBXFileReference; lastKnownFileType = sourcecode.swift; path = DateInputView.swift; sourceTree = "<group>"; };
		54947CF32369E5D100986ACA /* Day.swift */ = {isa = PBXFileReference; lastKnownFileType = sourcecode.swift; path = Day.swift; sourceTree = "<group>"; };
		54947CF42369E5D100986ACA /* JBCalendarDateCell.swift */ = {isa = PBXFileReference; lastKnownFileType = sourcecode.swift; path = JBCalendarDateCell.swift; sourceTree = "<group>"; };
		54947CF52369E5D100986ACA /* JBCalendarViewController.swift */ = {isa = PBXFileReference; lastKnownFileType = sourcecode.swift; path = JBCalendarViewController.swift; sourceTree = "<group>"; };
		54947CF62369E5D200986ACA /* CalendarDatePickerViewController.h */ = {isa = PBXFileReference; lastKnownFileType = sourcecode.c.h; path = CalendarDatePickerViewController.h; sourceTree = "<group>"; };
		54947CF82369E5D200986ACA /* JBDatePicker.swift */ = {isa = PBXFileReference; lastKnownFileType = sourcecode.swift; path = JBDatePicker.swift; sourceTree = "<group>"; };
		54947CF92369E5D200986ACA /* JBDatePickerViewController.swift */ = {isa = PBXFileReference; lastKnownFileType = sourcecode.swift; path = JBDatePickerViewController.swift; sourceTree = "<group>"; };
		54947D232369F42300986ACA /* JBCalendarDateCell.xib */ = {isa = PBXFileReference; fileEncoding = 4; lastKnownFileType = file.xib; path = JBCalendarDateCell.xib; sourceTree = "<group>"; };
		54947D242369F42300986ACA /* JBCalendarViewController.xib */ = {isa = PBXFileReference; fileEncoding = 4; lastKnownFileType = file.xib; path = JBCalendarViewController.xib; sourceTree = "<group>"; };
		54947D252369F42300986ACA /* JBDatePickerViewController.xib */ = {isa = PBXFileReference; fileEncoding = 4; lastKnownFileType = file.xib; path = JBDatePickerViewController.xib; sourceTree = "<group>"; };
/* End PBXFileReference section */

/* Begin PBXFrameworksBuildPhase section */
		54947CE22369E52300986ACA /* Frameworks */ = {
			isa = PBXFrameworksBuildPhase;
			buildActionMask = 2147483647;
			files = (
			);
			runOnlyForDeploymentPostprocessing = 0;
		};
/* End PBXFrameworksBuildPhase section */

/* Begin PBXGroup section */
		54947CDB2369E52300986ACA = {
			isa = PBXGroup;
			children = (
				54947CE72369E52300986ACA /* JBCalendarDatePicker */,
				54947CE62369E52300986ACA /* Products */,
				54947D292369F4AA00986ACA /* Frameworks */,
			);
			sourceTree = "<group>";
		};
		54947CE62369E52300986ACA /* Products */ = {
			isa = PBXGroup;
			children = (
				54947CE52369E52300986ACA /* JBCalendarDatePicker.framework */,
			);
			name = Products;
			sourceTree = "<group>";
		};
		54947CE72369E52300986ACA /* JBCalendarDatePicker */ = {
			isa = PBXGroup;
			children = (
				54947CF62369E5D200986ACA /* CalendarDatePickerViewController.h */,
				54947CF12369E5D100986ACA /* DateInputView.swift */,
				54947CF32369E5D100986ACA /* Day.swift */,
				54947CF42369E5D100986ACA /* JBCalendarDateCell.swift */,
				54947CF52369E5D100986ACA /* JBCalendarViewController.swift */,
				54947CF82369E5D200986ACA /* JBDatePicker.swift */,
				54947CF92369E5D200986ACA /* JBDatePickerViewController.swift */,
				54947D232369F42300986ACA /* JBCalendarDateCell.xib */,
				54947D242369F42300986ACA /* JBCalendarViewController.xib */,
				54947D252369F42300986ACA /* JBDatePickerViewController.xib */,
				54947CF02369E5D100986ACA /* UIColor+SystemAccent.swift */,
				54947CE82369E52300986ACA /* JBCalendarDatePicker.h */,
				54947CE92369E52300986ACA /* Info.plist */,
			);
			path = JBCalendarDatePicker;
			sourceTree = "<group>";
		};
		54947D292369F4AA00986ACA /* Frameworks */ = {
			isa = PBXGroup;
			children = (
			);
			name = Frameworks;
			sourceTree = "<group>";
		};
/* End PBXGroup section */

/* Begin PBXHeadersBuildPhase section */
		54947CE02369E52300986ACA /* Headers */ = {
			isa = PBXHeadersBuildPhase;
			buildActionMask = 2147483647;
			files = (
				54947CEA2369E52300986ACA /* JBCalendarDatePicker.h in Headers */,
			);
			runOnlyForDeploymentPostprocessing = 0;
		};
/* End PBXHeadersBuildPhase section */

/* Begin PBXNativeTarget section */
		54947CE42369E52300986ACA /* JBCalendarDatePicker */ = {
			isa = PBXNativeTarget;
			buildConfigurationList = 54947CED2369E52300986ACA /* Build configuration list for PBXNativeTarget "JBCalendarDatePicker" */;
			buildPhases = (
				54947CE02369E52300986ACA /* Headers */,
				54947CE12369E52300986ACA /* Sources */,
				54947CE22369E52300986ACA /* Frameworks */,
				54947CE32369E52300986ACA /* Resources */,
			);
			buildRules = (
			);
			dependencies = (
			);
			name = JBCalendarDatePicker;
			productName = JBDatePicker;
			productReference = 54947CE52369E52300986ACA /* JBCalendarDatePicker.framework */;
			productType = "com.apple.product-type.framework";
		};
/* End PBXNativeTarget section */

/* Begin PBXProject section */
		54947CDC2369E52300986ACA /* Project object */ = {
			isa = PBXProject;
			attributes = {
				LastSwiftUpdateCheck = 1110;
				LastUpgradeCheck = 1110;
				ORGANIZATIONNAME = "Josh Birnholz";
				TargetAttributes = {
					54947CE42369E52300986ACA = {
						CreatedOnToolsVersion = 11.1;
					};
				};
			};
			buildConfigurationList = 54947CDF2369E52300986ACA /* Build configuration list for PBXProject "JBCalendarDatePicker" */;
			compatibilityVersion = "Xcode 9.3";
			developmentRegion = en;
			hasScannedForEncodings = 0;
			knownRegions = (
				en,
				Base,
			);
			mainGroup = 54947CDB2369E52300986ACA;
			productRefGroup = 54947CE62369E52300986ACA /* Products */;
			projectDirPath = "";
			projectRoot = "";
			targets = (
				54947CE42369E52300986ACA /* JBCalendarDatePicker */,
			);
		};
/* End PBXProject section */

/* Begin PBXResourcesBuildPhase section */
		54947CE32369E52300986ACA /* Resources */ = {
			isa = PBXResourcesBuildPhase;
			buildActionMask = 2147483647;
			files = (
				54947D282369F42300986ACA /* JBDatePickerViewController.xib in Resources */,
				54947D272369F42300986ACA /* JBCalendarViewController.xib in Resources */,
				54947D262369F42300986ACA /* JBCalendarDateCell.xib in Resources */,
			);
			runOnlyForDeploymentPostprocessing = 0;
		};
/* End PBXResourcesBuildPhase section */

/* Begin PBXSourcesBuildPhase section */
		54947CE12369E52300986ACA /* Sources */ = {
			isa = PBXSourcesBuildPhase;
			buildActionMask = 2147483647;
			files = (
				54947CFE2369E5D200986ACA /* JBDatePickerViewController.swift in Sources */,
				54947CFB2369E5D200986ACA /* JBCalendarViewController.swift in Sources */,
				54947D002369E5D200986ACA /* Day.swift in Sources */,
				54947D012369E5D200986ACA /* UIColor+SystemAccent.swift in Sources */,
				54947CFF2369E5D200986ACA /* JBDatePicker.swift in Sources */,
				54947CFD2369E5D200986ACA /* JBCalendarDateCell.swift in Sources */,
				54947CFC2369E5D200986ACA /* DateInputView.swift in Sources */,
			);
			runOnlyForDeploymentPostprocessing = 0;
		};
/* End PBXSourcesBuildPhase section */

/* Begin XCBuildConfiguration section */
		54947CEB2369E52300986ACA /* Debug */ = {
			isa = XCBuildConfiguration;
			buildSettings = {
				ALWAYS_SEARCH_USER_PATHS = NO;
				CLANG_ANALYZER_NONNULL = YES;
				CLANG_ANALYZER_NUMBER_OBJECT_CONVERSION = YES_AGGRESSIVE;
				CLANG_CXX_LANGUAGE_STANDARD = "gnu++14";
				CLANG_CXX_LIBRARY = "libc++";
				CLANG_ENABLE_MODULES = YES;
				CLANG_ENABLE_OBJC_ARC = YES;
				CLANG_ENABLE_OBJC_WEAK = YES;
				CLANG_WARN_BLOCK_CAPTURE_AUTORELEASING = YES;
				CLANG_WARN_BOOL_CONVERSION = YES;
				CLANG_WARN_COMMA = YES;
				CLANG_WARN_CONSTANT_CONVERSION = YES;
				CLANG_WARN_DEPRECATED_OBJC_IMPLEMENTATIONS = YES;
				CLANG_WARN_DIRECT_OBJC_ISA_USAGE = YES_ERROR;
				CLANG_WARN_DOCUMENTATION_COMMENTS = YES;
				CLANG_WARN_EMPTY_BODY = YES;
				CLANG_WARN_ENUM_CONVERSION = YES;
				CLANG_WARN_INFINITE_RECURSION = YES;
				CLANG_WARN_INT_CONVERSION = YES;
				CLANG_WARN_NON_LITERAL_NULL_CONVERSION = YES;
				CLANG_WARN_OBJC_IMPLICIT_RETAIN_SELF = YES;
				CLANG_WARN_OBJC_LITERAL_CONVERSION = YES;
				CLANG_WARN_OBJC_ROOT_CLASS = YES_ERROR;
				CLANG_WARN_RANGE_LOOP_ANALYSIS = YES;
				CLANG_WARN_STRICT_PROTOTYPES = YES;
				CLANG_WARN_SUSPICIOUS_MOVE = YES;
				CLANG_WARN_UNGUARDED_AVAILABILITY = YES_AGGRESSIVE;
				CLANG_WARN_UNREACHABLE_CODE = YES;
				CLANG_WARN__DUPLICATE_METHOD_MATCH = YES;
				COPY_PHASE_STRIP = NO;
				CURRENT_PROJECT_VERSION = 1;
				DEBUG_INFORMATION_FORMAT = dwarf;
				ENABLE_STRICT_OBJC_MSGSEND = YES;
				ENABLE_TESTABILITY = YES;
				GCC_C_LANGUAGE_STANDARD = gnu11;
				GCC_DYNAMIC_NO_PIC = NO;
				GCC_NO_COMMON_BLOCKS = YES;
				GCC_OPTIMIZATION_LEVEL = 0;
				GCC_PREPROCESSOR_DEFINITIONS = (
					"DEBUG=1",
					"$(inherited)",
				);
				GCC_WARN_64_TO_32_BIT_CONVERSION = YES;
				GCC_WARN_ABOUT_RETURN_TYPE = YES_ERROR;
				GCC_WARN_UNDECLARED_SELECTOR = YES;
				GCC_WARN_UNINITIALIZED_AUTOS = YES_AGGRESSIVE;
				GCC_WARN_UNUSED_FUNCTION = YES;
				GCC_WARN_UNUSED_VARIABLE = YES;
				IPHONEOS_DEPLOYMENT_TARGET = 13.0;
				MTL_ENABLE_DEBUG_INFO = INCLUDE_SOURCE;
				MTL_FAST_MATH = YES;
				ONLY_ACTIVE_ARCH = YES;
				SDKROOT = iphoneos;
				SWIFT_ACTIVE_COMPILATION_CONDITIONS = DEBUG;
				SWIFT_OPTIMIZATION_LEVEL = "-Onone";
				VERSIONING_SYSTEM = "apple-generic";
				VERSION_INFO_PREFIX = "";
			};
			name = Debug;
		};
		54947CEC2369E52300986ACA /* Release */ = {
			isa = XCBuildConfiguration;
			buildSettings = {
				ALWAYS_SEARCH_USER_PATHS = NO;
				CLANG_ANALYZER_NONNULL = YES;
				CLANG_ANALYZER_NUMBER_OBJECT_CONVERSION = YES_AGGRESSIVE;
				CLANG_CXX_LANGUAGE_STANDARD = "gnu++14";
				CLANG_CXX_LIBRARY = "libc++";
				CLANG_ENABLE_MODULES = YES;
				CLANG_ENABLE_OBJC_ARC = YES;
				CLANG_ENABLE_OBJC_WEAK = YES;
				CLANG_WARN_BLOCK_CAPTURE_AUTORELEASING = YES;
				CLANG_WARN_BOOL_CONVERSION = YES;
				CLANG_WARN_COMMA = YES;
				CLANG_WARN_CONSTANT_CONVERSION = YES;
				CLANG_WARN_DEPRECATED_OBJC_IMPLEMENTATIONS = YES;
				CLANG_WARN_DIRECT_OBJC_ISA_USAGE = YES_ERROR;
				CLANG_WARN_DOCUMENTATION_COMMENTS = YES;
				CLANG_WARN_EMPTY_BODY = YES;
				CLANG_WARN_ENUM_CONVERSION = YES;
				CLANG_WARN_INFINITE_RECURSION = YES;
				CLANG_WARN_INT_CONVERSION = YES;
				CLANG_WARN_NON_LITERAL_NULL_CONVERSION = YES;
				CLANG_WARN_OBJC_IMPLICIT_RETAIN_SELF = YES;
				CLANG_WARN_OBJC_LITERAL_CONVERSION = YES;
				CLANG_WARN_OBJC_ROOT_CLASS = YES_ERROR;
				CLANG_WARN_RANGE_LOOP_ANALYSIS = YES;
				CLANG_WARN_STRICT_PROTOTYPES = YES;
				CLANG_WARN_SUSPICIOUS_MOVE = YES;
				CLANG_WARN_UNGUARDED_AVAILABILITY = YES_AGGRESSIVE;
				CLANG_WARN_UNREACHABLE_CODE = YES;
				CLANG_WARN__DUPLICATE_METHOD_MATCH = YES;
				COPY_PHASE_STRIP = NO;
				CURRENT_PROJECT_VERSION = 1;
				DEBUG_INFORMATION_FORMAT = "dwarf-with-dsym";
				ENABLE_NS_ASSERTIONS = NO;
				ENABLE_STRICT_OBJC_MSGSEND = YES;
				GCC_C_LANGUAGE_STANDARD = gnu11;
				GCC_NO_COMMON_BLOCKS = YES;
				GCC_WARN_64_TO_32_BIT_CONVERSION = YES;
				GCC_WARN_ABOUT_RETURN_TYPE = YES_ERROR;
				GCC_WARN_UNDECLARED_SELECTOR = YES;
				GCC_WARN_UNINITIALIZED_AUTOS = YES_AGGRESSIVE;
				GCC_WARN_UNUSED_FUNCTION = YES;
				GCC_WARN_UNUSED_VARIABLE = YES;
				IPHONEOS_DEPLOYMENT_TARGET = 13.0;
				MTL_ENABLE_DEBUG_INFO = NO;
				MTL_FAST_MATH = YES;
				SDKROOT = iphoneos;
				SWIFT_COMPILATION_MODE = wholemodule;
				SWIFT_OPTIMIZATION_LEVEL = "-O";
				VALIDATE_PRODUCT = YES;
				VERSIONING_SYSTEM = "apple-generic";
				VERSION_INFO_PREFIX = "";
			};
			name = Release;
		};
		54947CEE2369E52300986ACA /* Debug */ = {
			isa = XCBuildConfiguration;
			buildSettings = {
				CODE_SIGN_STYLE = Automatic;
				DEFINES_MODULE = YES;
				DEVELOPMENT_TEAM = CB7D3XVLP3;
				DYLIB_COMPATIBILITY_VERSION = 1;
				DYLIB_CURRENT_VERSION = 1;
				DYLIB_INSTALL_NAME_BASE = "@rpath";
				INFOPLIST_FILE = "$(SRCROOT)/JBCalendarDatePicker/Info.plist";
				INSTALL_PATH = "$(LOCAL_LIBRARY_DIR)/Frameworks";
				IPHONEOS_DEPLOYMENT_TARGET = 13.0;
				LD_RUNPATH_SEARCH_PATHS = (
					"$(inherited)",
					"@executable_path/Frameworks",
					"@loader_path/Frameworks",
				);
				MARKETING_VERSION = 0.1.2;
				PRODUCT_BUNDLE_IDENTIFIER = com.josh.birnholz.JBCalendarDatePicker;
				PRODUCT_NAME = JBCalendarDatePicker;
				SKIP_INSTALL = YES;
				SUPPORTS_MACCATALYST = YES;
				SWIFT_VERSION = 5.0;
				TARGETED_DEVICE_FAMILY = "1,2";
			};
			name = Debug;
		};
		54947CEF2369E52300986ACA /* Release */ = {
			isa = XCBuildConfiguration;
			buildSettings = {
				CODE_SIGN_STYLE = Automatic;
				DEFINES_MODULE = YES;
				DEVELOPMENT_TEAM = CB7D3XVLP3;
				DYLIB_COMPATIBILITY_VERSION = 1;
				DYLIB_CURRENT_VERSION = 1;
				DYLIB_INSTALL_NAME_BASE = "@rpath";
				INFOPLIST_FILE = "$(SRCROOT)/JBCalendarDatePicker/Info.plist";
				INSTALL_PATH = "$(LOCAL_LIBRARY_DIR)/Frameworks";
				IPHONEOS_DEPLOYMENT_TARGET = 13.0;
				LD_RUNPATH_SEARCH_PATHS = (
					"$(inherited)",
					"@executable_path/Frameworks",
					"@loader_path/Frameworks",
				);
				MARKETING_VERSION = 0.1.2;
				PRODUCT_BUNDLE_IDENTIFIER = com.josh.birnholz.JBCalendarDatePicker;
				PRODUCT_NAME = JBCalendarDatePicker;
				SKIP_INSTALL = YES;
				SUPPORTS_MACCATALYST = YES;
				SWIFT_VERSION = 5.0;
				TARGETED_DEVICE_FAMILY = "1,2";
			};
			name = Release;
		};
/* End XCBuildConfiguration section */

/* Begin XCConfigurationList section */
		54947CDF2369E52300986ACA /* Build configuration list for PBXProject "JBCalendarDatePicker" */ = {
			isa = XCConfigurationList;
			buildConfigurations = (
				54947CEB2369E52300986ACA /* Debug */,
				54947CEC2369E52300986ACA /* Release */,
			);
			defaultConfigurationIsVisible = 0;
			defaultConfigurationName = Release;
		};
		54947CED2369E52300986ACA /* Build configuration list for PBXNativeTarget "JBCalendarDatePicker" */ = {
			isa = XCConfigurationList;
			buildConfigurations = (
				54947CEE2369E52300986ACA /* Debug */,
				54947CEF2369E52300986ACA /* Release */,
			);
			defaultConfigurationIsVisible = 0;
			defaultConfigurationName = Release;
		};
/* End XCConfigurationList section */
	};
	rootObject = 54947CDC2369E52300986ACA /* Project object */;
}
